# THIS IS AN AUTOGENERATED FILE. DO NOT EDIT THIS FILE DIRECTLY.
# yarn lockfile v1


"@types/core-js@^0.9.41":
  version "0.9.43"
  resolved "https://registry.yarnpkg.com/@types/core-js/-/core-js-0.9.43.tgz#65d646c5e8c0cd1bdee37065799f9d3d48748253"

"@types/mkdirp@^0.3.29":
  version "0.3.29"
  resolved "https://registry.yarnpkg.com/@types/mkdirp/-/mkdirp-0.3.29.tgz#7f2ad7ec55f914482fc9b1ec4bb1ae6028d46066"

"@types/node@6.0.66":
  version "6.0.66"
  resolved "https://registry.yarnpkg.com/@types/node/-/node-6.0.66.tgz#5680b74a6135d33d4c00447e7c3dc691a4601625"

"@types/rimraf@^0.0.28":
  version "0.0.28"
  resolved "https://registry.yarnpkg.com/@types/rimraf/-/rimraf-0.0.28.tgz#5562519bc7963caca8abf7f128cae3b594d41d06"

async-chain-proxy@^0.1.5:
  version "0.1.5"
  resolved "https://registry.yarnpkg.com/async-chain-proxy/-/async-chain-proxy-0.1.5.tgz#23b593e868b5c46021bfe6357d42ba1cfa25c552"
  dependencies:
    babel-polyfill "^6.23.0"

babel-polyfill@^6.23.0:
  version "6.26.0"
  resolved "https://registry.yarnpkg.com/babel-polyfill/-/babel-polyfill-6.26.0.tgz#379937abc67d7895970adc621f284cd966cf2153"
  dependencies:
    babel-runtime "^6.26.0"
    core-js "^2.5.0"
    regenerator-runtime "^0.10.5"

babel-runtime@^6.26.0:
  version "6.26.0"
  resolved "https://registry.yarnpkg.com/babel-runtime/-/babel-runtime-6.26.0.tgz#965c7058668e82b55d7bfe04ff2337bc8b5647fe"
  dependencies:
    core-js "^2.4.0"
    regenerator-runtime "^0.11.0"

balanced-match@^1.0.0:
  version "1.0.0"
  resolved "https://registry.yarnpkg.com/balanced-match/-/balanced-match-1.0.0.tgz#89b4d199ab2bee49de164ea02b89ce462d71b767"

brace-expansion@^1.1.7:
  version "1.1.8"
  resolved "https://registry.yarnpkg.com/brace-expansion/-/brace-expansion-1.1.8.tgz#c07b211c7c952ec1f8efd51a77ef0d1d3990a292"
  dependencies:
    balanced-match "^1.0.0"
    concat-map "0.0.1"

caw@^2.0.0:
  version "2.0.1"
  resolved "https://registry.yarnpkg.com/caw/-/caw-2.0.1.tgz#6c3ca071fc194720883c2dc5da9b074bfc7e9e95"
  dependencies:
    get-proxy "^2.0.0"
    isurl "^1.0.0-alpha5"
    tunnel-agent "^0.6.0"
    url-to-options "^1.0.1"

chownr@^1.0.1:
  version "1.0.1"
  resolved "https://registry.yarnpkg.com/chownr/-/chownr-1.0.1.tgz#e2a75042a9551908bebd25b8523d5f9769d79181"

chrome-launcher@^0.4.0:
  version "0.4.0"
  resolved "https://registry.yarnpkg.com/chrome-launcher/-/chrome-launcher-0.4.0.tgz#805e4a90d3d16c93655216aeba1fe880922ecc1f"
  dependencies:
    "@types/core-js" "^0.9.41"
    "@types/mkdirp" "^0.3.29"
    "@types/node" "6.0.66"
    lighthouse-logger "^1.0.0"
    mkdirp "0.5.1"
    rimraf "^2.6.1"

chrome-launcher@^0.6.0:
  version "0.6.0"
  resolved "https://registry.yarnpkg.com/chrome-launcher/-/chrome-launcher-0.6.0.tgz#323830e0ef24dae6ba2698c00d249755557a01fb"
  dependencies:
    "@types/core-js" "^0.9.41"
    "@types/mkdirp" "^0.3.29"
    "@types/node" "6.0.66"
    "@types/rimraf" "^0.0.28"
    lighthouse-logger "^1.0.0"
    mkdirp "0.5.1"
    rimraf "^2.6.1"

chrome-remote-interface@^0.23.2:
  version "0.23.3"
  resolved "https://registry.yarnpkg.com/chrome-remote-interface/-/chrome-remote-interface-0.23.3.tgz#686fcb3f9c1e1abd88ce69b6bb7bc9f6afd85562"
  dependencies:
    commander "2.1.x"
    ws "2.0.x"

chrome-remote-interface@^0.24.4:
  version "0.24.4"
  resolved "https://registry.yarnpkg.com/chrome-remote-interface/-/chrome-remote-interface-0.24.4.tgz#8b202e655b143150eb69f9a5aaa443336f4a9032"
  dependencies:
    commander "2.1.x"
    ws "2.0.x"

chromy@^0.4.8:
  version "0.4.8"
  resolved "https://registry.yarnpkg.com/chromy/-/chromy-0.4.8.tgz#e204070e4f978ac05aa15ec9fc7f58cc881173d5"
  dependencies:
    async-chain-proxy "^0.1.5"
    chrome-launcher "^0.4.0"
    chrome-remote-interface "^0.23.2"
    sharp "^0.18.1"
    uuid "^3.0.1"

color-convert@^1.8.2:
  version "1.9.0"
  resolved "https://registry.yarnpkg.com/color-convert/-/color-convert-1.9.0.tgz#1accf97dd739b983bf994d56fec8f95853641b7a"
  dependencies:
    color-name "^1.1.1"

color-name@^1.0.0, color-name@^1.1.1:
  version "1.1.3"
  resolved "https://registry.yarnpkg.com/color-name/-/color-name-1.1.3.tgz#a7d0558bd89c42f795dd42328f740831ca53bc25"

color-string@^1.4.0:
  version "1.5.2"
  resolved "https://registry.yarnpkg.com/color-string/-/color-string-1.5.2.tgz#26e45814bc3c9a7cbd6751648a41434514a773a9"
  dependencies:
    color-name "^1.0.0"
    simple-swizzle "^0.2.2"

color@^2.0.0:
  version "2.0.0"
  resolved "https://registry.yarnpkg.com/color/-/color-2.0.0.tgz#e0c9972d1e969857004b101eaa55ceab5961d67d"
  dependencies:
    color-convert "^1.8.2"
    color-string "^1.4.0"

commander@2.1.x:
  version "2.1.0"
  resolved "https://registry.yarnpkg.com/commander/-/commander-2.1.0.tgz#d121bbae860d9992a3d517ba96f56588e47c6781"

concat-map@0.0.1:
  version "0.0.1"
  resolved "https://registry.yarnpkg.com/concat-map/-/concat-map-0.0.1.tgz#d8a96bd77fd68df7793a73036a3ba0d5405d477b"

config-chain@^1.1.11:
  version "1.1.11"
  resolved "https://registry.yarnpkg.com/config-chain/-/config-chain-1.1.11.tgz#aba09747dfbe4c3e70e766a6e41586e1859fc6f2"
  dependencies:
    ini "^1.3.4"
    proto-list "~1.2.1"

core-js@^2.4.0, core-js@^2.5.0:
  version "2.5.0"
  resolved "https://registry.yarnpkg.com/core-js/-/core-js-2.5.0.tgz#569c050918be6486b3837552028ae0466b717086"

debug@^2.6.8:
  version "2.6.8"
  resolved "https://registry.yarnpkg.com/debug/-/debug-2.6.8.tgz#e731531ca2ede27d188222427da17821d68ff4fc"
  dependencies:
    ms "2.0.0"

decompress-response@^3.2.0:
  version "3.3.0"
  resolved "https://registry.yarnpkg.com/decompress-response/-/decompress-response-3.3.0.tgz#80a4dd323748384bfa248083622aedec982adff3"
  dependencies:
    mimic-response "^1.0.0"

duplexer3@^0.1.4:
  version "0.1.4"
  resolved "https://registry.yarnpkg.com/duplexer3/-/duplexer3-0.1.4.tgz#ee01dd1cac0ed3cbc7fdbea37dc0a8f1ce002ce2"

fs.realpath@^1.0.0:
  version "1.0.0"
  resolved "https://registry.yarnpkg.com/fs.realpath/-/fs.realpath-1.0.0.tgz#1504ad2523158caa40db4a2787cb01411994ea4f"

get-proxy@^2.0.0:
  version "2.1.0"
  resolved "https://registry.yarnpkg.com/get-proxy/-/get-proxy-2.1.0.tgz#349f2b4d91d44c4d4d4e9cba2ad90143fac5ef93"
  dependencies:
    npm-conf "^1.1.0"

get-stream@^3.0.0:
  version "3.0.0"
  resolved "https://registry.yarnpkg.com/get-stream/-/get-stream-3.0.0.tgz#8e943d1358dc37555054ecbe2edb05aa174ede14"

glob@^7.0.5:
  version "7.1.2"
  resolved "https://registry.yarnpkg.com/glob/-/glob-7.1.2.tgz#c19c9df9a028702d678612384a6552404c636d15"
  dependencies:
    fs.realpath "^1.0.0"
    inflight "^1.0.4"
    inherits "2"
    minimatch "^3.0.4"
    once "^1.3.0"
    path-is-absolute "^1.0.0"

got@^7.1.0:
  version "7.1.0"
  resolved "https://registry.yarnpkg.com/got/-/got-7.1.0.tgz#05450fd84094e6bbea56f451a43a9c289166385a"
  dependencies:
    decompress-response "^3.2.0"
    duplexer3 "^0.1.4"
    get-stream "^3.0.0"
    is-plain-obj "^1.1.0"
    is-retry-allowed "^1.0.0"
    is-stream "^1.0.0"
    isurl "^1.0.0-alpha5"
    lowercase-keys "^1.0.0"
    p-cancelable "^0.3.0"
    p-timeout "^1.1.1"
    safe-buffer "^5.0.1"
    timed-out "^4.0.0"
    url-parse-lax "^1.0.0"
    url-to-options "^1.0.1"

has-symbol-support-x@^1.4.0:
  version "1.4.0"
  resolved "https://registry.yarnpkg.com/has-symbol-support-x/-/has-symbol-support-x-1.4.0.tgz#442d89b1d0ac6cf5ff2f7b916ee539869b93a256"

has-to-string-tag-x@^1.2.0:
  version "1.4.0"
  resolved "https://registry.yarnpkg.com/has-to-string-tag-x/-/has-to-string-tag-x-1.4.0.tgz#49d7bcde85c2409be38ac327e3e119a451657c7b"
  dependencies:
    has-symbol-support-x "^1.4.0"

inflight@^1.0.4:
  version "1.0.6"
  resolved "https://registry.yarnpkg.com/inflight/-/inflight-1.0.6.tgz#49bd6331d7d02d0c09bc910a1075ba8165b56df9"
  dependencies:
    once "^1.3.0"
    wrappy "1"

inherits@2:
  version "2.0.3"
  resolved "https://registry.yarnpkg.com/inherits/-/inherits-2.0.3.tgz#633c2c83e3da42a502f52466022480f4208261de"

ini@^1.3.4:
  version "1.3.4"
  resolved "https://registry.yarnpkg.com/ini/-/ini-1.3.4.tgz#0537cb79daf59b59a1a517dff706c86ec039162e"

is-arrayish@^0.3.1:
  version "0.3.1"
  resolved "https://registry.yarnpkg.com/is-arrayish/-/is-arrayish-0.3.1.tgz#c2dfc386abaa0c3e33c48db3fe87059e69065efd"

is-object@^1.0.1:
  version "1.0.1"
  resolved "https://registry.yarnpkg.com/is-object/-/is-object-1.0.1.tgz#8952688c5ec2ffd6b03ecc85e769e02903083470"

is-plain-obj@^1.1.0:
  version "1.1.0"
  resolved "https://registry.yarnpkg.com/is-plain-obj/-/is-plain-obj-1.1.0.tgz#71a50c8429dfca773c92a390a4a03b39fcd51d3e"

is-retry-allowed@^1.0.0:
  version "1.1.0"
  resolved "https://registry.yarnpkg.com/is-retry-allowed/-/is-retry-allowed-1.1.0.tgz#11a060568b67339444033d0125a61a20d564fb34"

is-stream@^1.0.0:
  version "1.1.0"
  resolved "https://registry.yarnpkg.com/is-stream/-/is-stream-1.1.0.tgz#12d4a3dd4e68e0b79ceb8dbc84173ae80d91ca44"

isurl@^1.0.0-alpha5:
  version "1.0.0"
  resolved "https://registry.yarnpkg.com/isurl/-/isurl-1.0.0.tgz#b27f4f49f3cdaa3ea44a0a5b7f3462e6edc39d67"
  dependencies:
    has-to-string-tag-x "^1.2.0"
    is-object "^1.0.1"

lighthouse-logger@^1.0.0:
  version "1.0.1"
  resolved "https://registry.yarnpkg.com/lighthouse-logger/-/lighthouse-logger-1.0.1.tgz#f073d83f7acbc96729bf100a121c8f006991ae61"
  dependencies:
    debug "^2.6.8"

lowercase-keys@^1.0.0:
  version "1.0.0"
  resolved "https://registry.yarnpkg.com/lowercase-keys/-/lowercase-keys-1.0.0.tgz#4e3366b39e7f5457e35f1324bdf6f88d0bfc7306"

mimic-response@^1.0.0:
  version "1.0.0"
  resolved "https://registry.yarnpkg.com/mimic-response/-/mimic-response-1.0.0.tgz#df3d3652a73fded6b9b0b24146e6fd052353458e"

minimatch@^3.0.4:
  version "3.0.4"
  resolved "https://registry.yarnpkg.com/minimatch/-/minimatch-3.0.4.tgz#5166e286457f03306064be5497e8dbb0c3d32083"
  dependencies:
    brace-expansion "^1.1.7"

minimist@0.0.8:
  version "0.0.8"
  resolved "https://registry.yarnpkg.com/minimist/-/minimist-0.0.8.tgz#857fcabfc3397d2625b8228262e86aa7a011b05d"

minipass@^2.0.0, minipass@^2.0.2:
  version "2.2.1"
  resolved "https://registry.yarnpkg.com/minipass/-/minipass-2.2.1.tgz#5ada97538b1027b4cf7213432428578cb564011f"
  dependencies:
    yallist "^3.0.0"

minizlib@^1.0.3:
  version "1.0.3"
  resolved "https://registry.yarnpkg.com/minizlib/-/minizlib-1.0.3.tgz#d5c1abf77be154619952e253336eccab9b2a32f5"
  dependencies:
    minipass "^2.0.0"

mkdirp@0.5.1, mkdirp@^0.5.0:
  version "0.5.1"
  resolved "https://registry.yarnpkg.com/mkdirp/-/mkdirp-0.5.1.tgz#30057438eac6cf7f8c4767f38648d6697d75c903"
  dependencies:
    minimist "0.0.8"

ms@2.0.0:
  version "2.0.0"
  resolved "https://registry.yarnpkg.com/ms/-/ms-2.0.0.tgz#5608aeadfc00be6c2901df5f9861788de0d597c8"

nan@^2.6.2:
  version "2.6.2"
  resolved "https://registry.yarnpkg.com/nan/-/nan-2.6.2.tgz#e4ff34e6c95fdfb5aecc08de6596f43605a7db45"

npm-conf@^1.1.0:
  version "1.1.2"
  resolved "https://registry.yarnpkg.com/npm-conf/-/npm-conf-1.1.2.tgz#170a2c48a0c6ad0495f03f87aec2da11ef47a525"
  dependencies:
    config-chain "^1.1.11"
    pify "^3.0.0"

once@^1.3.0:
  version "1.4.0"
  resolved "https://registry.yarnpkg.com/once/-/once-1.4.0.tgz#583b1aa775961d4b113ac17d9c50baef9dd76bd1"
  dependencies:
    wrappy "1"

p-cancelable@^0.3.0:
  version "0.3.0"
  resolved "https://registry.yarnpkg.com/p-cancelable/-/p-cancelable-0.3.0.tgz#b9e123800bcebb7ac13a479be195b507b98d30fa"

p-finally@^1.0.0:
  version "1.0.0"
  resolved "https://registry.yarnpkg.com/p-finally/-/p-finally-1.0.0.tgz#3fbcfb15b899a44123b34b6dcc18b724336a2cae"

p-timeout@^1.1.1:
  version "1.2.0"
  resolved "https://registry.yarnpkg.com/p-timeout/-/p-timeout-1.2.0.tgz#9820f99434c5817868b4f34809ee5291660d5b6c"
  dependencies:
    p-finally "^1.0.0"

path-is-absolute@^1.0.0:
  version "1.0.1"
  resolved "https://registry.yarnpkg.com/path-is-absolute/-/path-is-absolute-1.0.1.tgz#174b9268735534ffbc7ace6bf53a5a9e1b5c5f5f"

pify@^3.0.0:
  version "3.0.0"
  resolved "https://registry.yarnpkg.com/pify/-/pify-3.0.0.tgz#e5a4acd2c101fdf3d9a4d07f0dbc4db49dd28176"

prepend-http@^1.0.1:
  version "1.0.4"
  resolved "https://registry.yarnpkg.com/prepend-http/-/prepend-http-1.0.4.tgz#d4f4562b0ce3696e41ac52d0e002e57a635dc6dc"

proto-list@~1.2.1:
  version "1.2.4"
  resolved "https://registry.yarnpkg.com/proto-list/-/proto-list-1.2.4.tgz#212d5bfe1318306a420f6402b8e26ff39647a849"

regenerator-runtime@^0.10.5:
  version "0.10.5"
  resolved "https://registry.yarnpkg.com/regenerator-runtime/-/regenerator-runtime-0.10.5.tgz#336c3efc1220adcedda2c9fab67b5a7955a33658"

regenerator-runtime@^0.11.0:
  version "0.11.0"
  resolved "https://registry.yarnpkg.com/regenerator-runtime/-/regenerator-runtime-0.11.0.tgz#7e54fe5b5ccd5d6624ea6255c3473be090b802e1"

rimraf@^2.6.1:
  version "2.6.1"
  resolved "https://registry.yarnpkg.com/rimraf/-/rimraf-2.6.1.tgz#c2338ec643df7a1b7fe5c54fa86f57428a55f33d"
  dependencies:
    glob "^7.0.5"

safe-buffer@^5.0.1:
  version "5.1.1"
  resolved "https://registry.yarnpkg.com/safe-buffer/-/safe-buffer-5.1.1.tgz#893312af69b2123def71f57889001671eeb2c853"

semver@^5.3.0:
  version "5.4.1"
  resolved "https://registry.yarnpkg.com/semver/-/semver-5.4.1.tgz#e059c09d8571f0540823733433505d3a2f00b18e"

sharp@^0.18.1:
  version "0.18.2"
  resolved "https://registry.yarnpkg.com/sharp/-/sharp-0.18.2.tgz#1be0debb6190ba405efa5ee330985bfe423c3e7f"
  dependencies:
    caw "^2.0.0"
    color "^2.0.0"
    got "^7.1.0"
    nan "^2.6.2"
    semver "^5.3.0"
    tar "^3.1.5"

simple-swizzle@^0.2.2:
  version "0.2.2"
  resolved "https://registry.yarnpkg.com/simple-swizzle/-/simple-swizzle-0.2.2.tgz#a4da6b635ffcccca33f70d17cb92592de95e557a"
  dependencies:
    is-arrayish "^0.3.1"

tar@^3.1.5:
  version "3.2.1"
  resolved "https://registry.yarnpkg.com/tar/-/tar-3.2.1.tgz#9aa8e41c88f09e76c166075bc71f93d5166e61b1"
  dependencies:
    chownr "^1.0.1"
    minipass "^2.0.2"
    minizlib "^1.0.3"
    mkdirp "^0.5.0"
    yallist "^3.0.2"

timed-out@^4.0.0:
  version "4.0.1"
  resolved "https://registry.yarnpkg.com/timed-out/-/timed-out-4.0.1.tgz#f32eacac5a175bea25d7fab565ab3ed8741ef56f"

tunnel-agent@^0.6.0:
  version "0.6.0"
  resolved "https://registry.yarnpkg.com/tunnel-agent/-/tunnel-agent-0.6.0.tgz#27a5dea06b36b04a0a9966774b290868f0fc40fd"
  dependencies:
    safe-buffer "^5.0.1"

ultron@~1.1.0:
  version "1.1.0"
  resolved "https://registry.yarnpkg.com/ultron/-/ultron-1.1.0.tgz#b07a2e6a541a815fc6a34ccd4533baec307ca864"

url-parse-lax@^1.0.0:
  version "1.0.0"
  resolved "https://registry.yarnpkg.com/url-parse-lax/-/url-parse-lax-1.0.0.tgz#7af8f303645e9bd79a272e7a14ac68bc0609da73"
  dependencies:
    prepend-http "^1.0.1"

url-to-options@^1.0.1:
  version "1.0.1"
  resolved "https://registry.yarnpkg.com/url-to-options/-/url-to-options-1.0.1.tgz#1505a03a289a48cbd7a434efbaeec5055f5633a9"

uuid@^3.0.1:
  version "3.1.0"
  resolved "https://registry.yarnpkg.com/uuid/-/uuid-3.1.0.tgz#3dd3d3e790abc24d7b0d3a034ffababe28ebbc04"

wrappy@1:
  version "1.0.2"
  resolved "https://registry.yarnpkg.com/wrappy/-/wrappy-1.0.2.tgz#b5243d8f3ec1aa35f1364605bc0d1036e30ab69f"

ws@2.0.x:
  version "2.0.3"
  resolved "https://registry.yarnpkg.com/ws/-/ws-2.0.3.tgz#532fd499c3f7d7d720e543f1f807106cfc57d9cb"
  dependencies:
    ultron "~1.1.0"

yallist@^3.0.0, yallist@^3.0.2:
  version "3.0.2"
  resolved "https://registry.yarnpkg.com/yallist/-/yallist-3.0.2.tgz#8452b4bb7e83c7c188d8041c1a837c773d6d8bb9"
